
Microsoft Visual Studio Solution File, Format Version 12.00
# Visual Studio Version 17
VisualStudioVersion = 17.9.34622.214
MinimumVisualStudioVersion = 10.0.40219.1
Project("{FAE04EC0-301F-11D3-BF4B-00C04F79EFBC}") = "2100009025_Nguyễn Minh Tường_WordPad", "2100009025_Nguyễn Minh Tường_WordPad\2100009025_Nguyễn Minh Tường_WordPad.csproj", "{681001E8-EB21-40BB-994A-3822A1BF8972}"
EndProject
Global
	GlobalSection(SolutionConfigurationPlatforms) = preSolution
		Debug|Any CPU = Debug|Any CPU
		Release|Any CPU = Release|Any CPU
	EndGlobalSection
	GlobalSection(ProjectConfigurationPlatforms) = postSolution
		{681001E8-EB21-40BB-994A-3822A1BF8972}.Debug|Any CPU.ActiveCfg = Debug|Any CPU
		{681001E8-EB21-40BB-994A-3822A1BF8972}.Debug|Any CPU.Build.0 = Debug|Any CPU
		{681001E8-EB21-40BB-994A-3822A1BF8972}.Release|Any CPU.ActiveCfg = Release|Any CPU
		{681001E8-EB21-40BB-994A-3822A1BF8972}.Release|Any CPU.Build.0 = Release|Any CPU
	EndGlobalSection
	GlobalSection(SolutionProperties) = preSolution
		HideSolutionNode = FALSE
	EndGlobalSection
	GlobalSection(ExtensibilityGlobals) = postSolution
		SolutionGuid = {8BE57851-C924-4948-A8B4-00B4BE3F69DF}
	EndGlobalSection
EndGlobal
